lockfileVersion: '9.0'

settings:
  autoInstallPeers: true
  excludeLinksFromLockfile: false

importers:

  .:
    devDependencies:
      '@types/node':
        specifier: ^25.6.2
        version: 25.6.2
      oxfmt:
        specifier: ^0.48.0
        version: 0.48.0
      oxlint:
        specifier: ^1.63.0
        version: 1.75.0
      typescript:
        specifier: ^6.0.3
        version: 6.0.3

packages:

  '@oxfmt/binding-android-arm-eabi@0.48.0':
    resolution: {integrity: sha512-uwqk+/KhQvBIpULD8SMM/zAafMRC/+DV/xsEQjkkIsJ/kLmEI/2bxonVowcYTiXqqZ/a0FEW8DPkZY3VvwELDA==}
    engines: {node: ^20.19.0 || >=22.12.0}
    cpu: [arm]
    os: [android]

  '@oxfmt/binding-android-arm64@0.48.0':
    resolution: {integrity: sha512-VUCiKuXK5+McVssgHEJdrcGK7hRJzrRb36zm9/jwzMholyYt4BgXhw5Nm1V1DX6Ce717Zi/1jk432b/tgmQgtQ==}
    engines: {node: ^20.19.0 || >=22.12.0}
    cpu: [arm64]
    os: [android]

  '@oxfmt/binding-darwin-arm64@0.48.0':
    resolution: {integrity: sha512-IkKp8rnIyQLW6Jt+6jragCbUVYSayk55lapiprLjIVvt4NczLyO/nwX2GgefLQ5iaBdfS8UEAFgCs/pLO6Cl0w==}
    engines: {node: ^20.19.0 || >=22.12.0}
    cpu: [arm64]
    os: [darwin]

  '@oxfmt/binding-darwin-x64@0.48.0':
    resolution: {integrity: sha512-+aFuhsGIuvnoOjXyKVHMhPKJZR1kQkAl8QyrKoMlA7yJsSTC3N0Asl53La8TChSHhW8epToQ/Q0nvLmEmfNmLg==}
    engines: {node: ^20.19.0 || >=22.12.0}
    cpu: [x64]
    os: [darwin]

  '@oxfmt/binding-freebsd-x64@0.48.0':
    resolution: {integrity: sha512-fbqzQL8FjI9gGnktI7RIo0dksDziTAYBy7xlI7jU7eID5fxLF/25fS4Xj6GydD8Y5oWHL83U4NK160QaOAxtyg==}
    engines: {node: ^20.19.0 || >=22.12.0}
    cpu: [x64]
    os: [freebsd]

  '@oxfmt/binding-linux-arm-gnueabihf@0.48.0':
    resolution: {integrity: sha512-hn4i0zhAyTiB3ZHjQfYUZkDvrbVkohw1S7pySWxWUoZ87HnkDoTFThj7QTxk40hNPOTUP0vHbPRNamFIv1HBJQ==}
    engines: {node: ^20.19.0 || >=22.12.0}
    cpu: [arm]
    os: [linux]

  '@oxfmt/binding-linux-arm-musleabihf@0.48.0':
    resolution: {integrity: sha512-R4WBD9qF3QM9hqgdAa+fBGXmquTvDUujrPQ36t2Sjk8RPOSKGHDeN7l/khr10hqbQaOq9KCgPHG9ubNET/X/RQ==}
    engines: {node: ^20.19.0 || >=22.12.0}
    cpu: [arm]
    os: [linux]

  '@oxfmt/binding-linux-arm64-gnu@0.48.0':
    resolution: {integrity: sha512-5bVdwSwlm1M8wbYCorLOxWxUBw/8tBvHYyQNIfwWVPwOJaj5vg1APSGJQVpwJfV5VNE9PSrR91UKEpoNwHhqUA==}
    engines: {node: ^20.19.0 || >=22.12.0}
    cpu: [arm64]
    os: [linux]
    libc: [glibc]

  '@oxfmt/binding-linux-arm64-musl@0.48.0':
    resolution: {integrity: sha512-vCS3Fk7gFslTqE1lUE2IlroyVV7u/9SmMA/uBqDoshuck2psGWcjW0ePyPZI3rM3+qtf2pDaMVIKMHozraifuw==}
    engines: {node: ^20.19.0 || >=22.12.0}
    cpu: [arm64]
    os: [linux]
    libc: [musl]

  '@oxfmt/binding-linux-ppc64-gnu@0.48.0':
    resolution: {integrity: sha512-gKtfFfueUClXDumyoHUbymqRf7prHejOOyzJK0eIJn93GF9JBdFHdo60TM1ZBHxkEwZvjuOgHmKtneKbEOc/Eg==}
    engines: {node: ^20.19.0 || >=22.12.0}
    cpu: [ppc64]
    os: [linux]
    libc: [glibc]

  '@oxfmt/binding-linux-riscv64-gnu@0.48.0':
    resolution: {integrity: sha512-SYt0UhOvZD/UwZz9sXq6J2uAw8o24f5VZpLB2DH01f6MevshmlgakQlZe2lwek2sZJkd07eLu7mZa0g7yeiw7Q==}
    engines: {node: ^20.19.0 || >=22.12.0}
    cpu: [riscv64]
    os: [linux]
    libc: [glibc]

  '@oxfmt/binding-linux-riscv64-musl@0.48.0':
    resolution: {integrity: sha512-JLbrwck2AopG4ud/XklZO5N+qxGC7cS7ROvXZVNfx0MCLDDL2kGOLvzuWORkVjnjAM0CMAfIMU2zNBtQbM+4dw==}
    engines: {node: ^20.19.0 || >=22.12.0}
    cpu: [riscv64]
    os: [linux]
    libc: [musl]

  '@oxfmt/binding-linux-s390x-gnu@0.48.0':
    resolution: {integrity: sha512-mdxt5L8OQLxkQH+JVpdC/lknZNe0lX4hlO3d8+xvw2wToo+iDrid9tiGOd5bmHfUVd5wVhrUry0qlu5vq66NkQ==}
    engines: {node: ^20.19.0 || >=22.12.0}
    cpu: [s390x]
    os: [linux]
    libc: [glibc]

  '@oxfmt/binding-linux-x64-gnu@0.48.0':
    resolution: {integrity: sha512-oEz1BQwMrV7OMEFx/3VPDU3n9TM0AnxpktDYXjEg5i6nTX87wo18wSfBvkl4tzAICdKtoAQAdBIl7Y7hsPlx5w==}
    engines: {node: ^20.19.0 || >=22.12.0}
    cpu: [x64]
    os: [linux]
    libc: [glibc]

  '@oxfmt/binding-linux-x64-musl@0.48.0':
    resolution: {integrity: sha512-g2SKTTurP5mWjd8Ecait0erYqmltL4IqW1EwttM25BxM6NiTt4ubobJYMR1uox1V2QgG4UfHH10CGRvWlUixjw==}
    engines: {node: ^20.19.0 || >=22.12.0}
    cpu: [x64]
    os: [linux]
    libc: [musl]

  '@oxfmt/binding-openharmony-arm64@0.48.0':
    resolution: {integrity: sha512-CIg24VgheEpvolHL2gQuax5qcQ602bRMHrJ9g8XsQr3iVj9aSPgopigBKuMqrXsupwkrU+RQCn5cG8PgFntR6w==}
    engines: {node: ^20.19.0 || >=22.12.0}
    cpu: [arm64]
    os: [openharmony]

  '@oxfmt/binding-win32-arm64-msvc@0.48.0':
    resolution: {integrity: sha512-zeaWkcxcEULwkGF3I/HgEvcDPN8buYDrxibBUa/IFh5Vmwyge+KpLO+hEwSovW349H0O/C0Z2kaFmEzEDm00/Q==}
    engines: {node: ^20.19.0 || >=22.12.0}
    cpu: [arm64]
    os: [win32]

  '@oxfmt/binding-win32-ia32-msvc@0.48.0':
    resolution: {integrity: sha512-yiEKnIAGvx5CyZQOlMaNlZkAbwT7/Quk0j3WLt+PR5hK+qYjPTRRJYDfD77wCBPLvEYAG41v4KG3iL0H+uxoxg==}
    engines: {node: ^20.19.0 || >=22.12.0}
    cpu: [ia32]
    os: [win32]

  '@oxfmt/binding-win32-x64-msvc@0.48.0':
    resolution: {integrity: sha512-GSD2+7t2UoVMV2NgxXypa4bKewflPMAjYnF0Xw9/ht82ZfafAHhb8STwrEd7wlH2PFogt5zw3WVCxYJaHUdbeQ==}
    engines: {node: ^20.19.0 || >=22.12.0}
    cpu: [x64]
    os: [win32]

  '@oxlint/binding-android-arm-eabi@1.75.0':
    resolution: {integrity: sha512-lutovtFzJqlRaqpZrCqSSGaHZzl9nIxxpjLzhSRLunN6dCLylj0uzlCyQGaQDIys7rrv8kVXiFO+R4Zpn0bX7g==}
    engines: {node: ^20.19.0 || >=22.12.0}
    cpu: [arm]
    os: [android]

  '@oxlint/binding-android-arm64@1.75.0':
    resolution: {integrity: sha512-hXI0hDgHkw4w5nfru72aG7y+2iQJmC4waH/KV6H/hbgA6yAP5jYNx0P9yug15Hs0tWl/+mda3Jjn/2gmDT48tw==}
    engines: {node: ^20.19.0 || >=22.12.0}
    cpu: [arm64]
    os: [android]

  '@oxlint/binding-darwin-arm64@1.75.0':
    resolution: {integrity: sha512-D91BWbK/dMYfCcrghspPIuKs2D9LF4Z/OabVSQjw1AO6PWxArD7teDA48bm0ySFqWDaPVqmQRl5GMWNglTXyrQ==}
    engines: {node: ^20.19.0 || >=22.12.0}
    cpu: [arm64]
    os: [darwin]

  '@oxlint/binding-darwin-x64@1.75.0':
    resolution: {integrity: sha512-02mpwzf12BonZ6PT0TuQoomvEh2kVl2WGBIKWezCyToIS+rYkQZ6GXnARBAl9A4Ovm2V+Xe7M4KretyqmmcnJQ==}
    engines: {node: ^20.19.0 || >=22.12.0}
    cpu: [x64]
    os: [darwin]

  '@oxlint/binding-freebsd-x64@1.75.0':
    resolution: {integrity: sha512-qZJgLnDaBsiL5YESx2t/TZ8eXkL9fEkKoXEdzegROhlz9A0lgyGnZ0dAzJrh7LJAHQl2K9RdRueN2s/9N7+odg==}
    engines: {node: ^20.19.0 || >=22.12.0}
    cpu: [x64]
    os: [freebsd]

  '@oxlint/binding-linux-arm-gnueabihf@1.75.0':
    resolution: {integrity: sha512-7XlaWA5BJD3XpCfrEqjEe6Zseeb14S7QGa304XfwKignRaKQ+eIj775BQ7nIslggWickl4IsPUFqJ+/gAyNHVg==}
    engines: {node: ^20.19.0 || >=22.12.0}
    cpu: [arm]
    os: [linux]

  '@oxlint/binding-linux-arm-musleabihf@1.75.0':
    resolution: {integrity: sha512-av6Tpv8yrcMMMOadOqENBhlsLRcGFXXwoQ0hzHhsmS9FJ4Wioy8we427GbcMe2XTxmL2e60T67H1Dyr3up+tAA==}
    engines: {node: ^20.19.0 || >=22.12.0}
    cpu: [arm]
    os: [linux]

  '@oxlint/binding-linux-arm64-gnu@1.75.0':
    resolution: {integrity: sha512-WcUhd8fHT5plrA14lANevl+hOl815mVI5t2hU21oFWrZKFXIVV/Sr4rWQV0NzSvzBupbMLNc5ErEA6Ehxh5jMg==}
    engines: {node: ^20.19.0 || >=22.12.0}
    cpu: [arm64]
    os: [linux]
    libc: [glibc]

  '@oxlint/binding-linux-arm64-musl@1.75.0':
    resolution: {integrity: sha512-UWzp5wRHFe/ESO3+eEaxXsTkYTGLYjnTsi/I5neEacXSItQ6WNleapfOAeA4x2b8nyhJ4uQxqvtv9pHv8kWJtQ==}
    engines: {node: ^20.19.0 || >=22.12.0}
    cpu: [arm64]
    os: [linux]
    libc: [musl]

  '@oxlint/binding-linux-ppc64-gnu@1.75.0':
    resolution: {integrity: sha512-XEVRwGMLKCUKrvhLAz4F6AIh8MJrQVdSZtAmPpRZt9tGPsUnamPOcl3dS/ZQzJnar/Ymgc//+xho0L60Emzuxg==}
    engines: {node: ^20.19.0 || >=22.12.0}
    cpu: [ppc64]
    os: [linux]
    libc: [glibc]

  '@oxlint/binding-linux-riscv64-gnu@1.75.0':
    resolution: {integrity: sha512-mAG4DUXqfLC8cTjMD2kt3jDmVzFREYtDyeLNdLdsCcBc4Zbl2EMuiFektGBilQwkNjYnMvCqJs55U+Hyb+b+jw==}
    engines: {node: ^20.19.0 || >=22.12.0}
    cpu: [riscv64]
    os: [linux]
    libc: [glibc]

  '@oxlint/binding-linux-riscv64-musl@1.75.0':
    resolution: {integrity: sha512-95hrAvriAlI+pekSomTFIn0+bawMDlDwTNVmdjsFusTHyL2JWh7TWvRNG/Lkim72uN8OiCcO9wcaC6omLP5E3w==}
    engines: {node: ^20.19.0 || >=22.12.0}
    cpu: [riscv64]
    os: [linux]
    libc: [musl]

  '@oxlint/binding-linux-s390x-gnu@1.75.0':
    resolution: {integrity: sha512-4b6f2+FrtruAESrCqIKcrarzfrSx+wk2QNcp+RT91/Prc+pMQMAfyZ1rG1c3tFQNl8Bc616tx40uNXyxNBRPbQ==}
    engines: {node: ^20.19.0 || >=22.12.0}
    cpu: [s390x]
    os: [linux]
    libc: [glibc]

  '@oxlint/binding-linux-x64-gnu@1.75.0':
    resolution: {integrity: sha512-nshAhrUvXFUWOvqQ2soIw7HFNWvpvEV4o0cYSqPtzLiPF5gKyYTDOOTJ6Rn8g8K/iGvPIrbDA4v8+5MvnjJrrg==}
    engines: {node: ^20.19.0 || >=22.12.0}
    cpu: [x64]
    os: [linux]
    libc: [glibc]

  '@oxlint/binding-linux-x64-musl@1.75.0':
    resolution: {integrity: sha512-e4jNxLKnxLC6sYBQRxrI2pgIIxnmMtF8U/VwNYcjTT/CLS+spH624cYVnj07bTKwaEWT37/e025isOs6j/0xqA==}
    engines: {node: ^20.19.0 || >=22.12.0}
    cpu: [x64]
    os: [linux]
    libc: [musl]

  '@oxlint/binding-openharmony-arm64@1.75.0':
    resolution: {integrity: sha512-hZ2lH+1qLf/DiEP9UWuQTK2JWj/BgvMB4jhIV4SmNU1wfEiYYX4TynQyAZXx0j9X4qRYizAL042SKaV+8ynh4w==}
    engines: {node: ^20.19.0 || >=22.12.0}
    cpu: [arm64]
    os: [openharmony]

  '@oxlint/binding-win32-arm64-msvc@1.75.0':
    resolution: {integrity: sha512-Ilj6PNzGDS3bCU0MSJH7Msh0NhH+T/mRp2shwg+q+GHeVlPwP5LEboW96aW+3kVKFk6zYZy1Xi5pZkqZh6X8KQ==}
    engines: {node: ^20.19.0 || >=22.12.0}
    cpu: [arm64]
    os: [win32]

  '@oxlint/binding-win32-ia32-msvc@1.75.0':
    resolution: {integrity: sha512-QVit2nOEOiPhkmsrksPSkoGCdnZRNkspt8fwoYyP09te1VEbnSj4LAxua4rc8FKTmWkySVe05j8iz9GXYfF1AQ==}
    engines: {node: ^20.19.0 || >=22.12.0}
    cpu: [ia32]
    os: [win32]

  '@oxlint/binding-win32-x64-msvc@1.75.0':
    resolution: {integrity: sha512-DSxnNkBUAYARPwJtR12Ig3deWr8w0H997xP6jy33i+e0SyYJw8FKuz4+cZtpmPEhQmvlPJE3X/2vNxDmLkd/rA==}
    engines: {node: ^20.19.0 || >=22.12.0}
    cpu: [x64]
    os: [win32]

  '@types/node@25.6.2':
    resolution: {integrity: sha512-sokuT28dxf9JT5Kady1fsXOvI4HVpjZa95NKT5y9PNTIrs2AsobR4GFAA90ZG8M+nxVRLysCXsVj6eGC7Vbrlw==}

  oxfmt@0.48.0:
    resolution: {integrity: sha512-AVaLh+7XeGx+R1zfFV+f6VV61nT2MWVJXVUDhbTm5LBWGyNt64xAyh3NYYyjeY2WykNt9AvqSQLPHcbWquYF9g==}
    engines: {node: ^20.19.0 || >=22.12.0}
    hasBin: true

  oxlint@1.75.0:
    resolution: {integrity: sha512-m9WzjRcRYA/uqIZDa9tclrieoPJ/ln1QYTKdFx6NUOs8uY5DiHlIwRQoCrHT6OM6O3ww3l2skY5gO7G7ZphE7g==}
    engines: {node: ^20.19.0 || >=22.12.0}
    hasBin: true
    peerDependencies:
      oxlint-tsgolint: '>=7.0.2001'
      vite-plus: '*'
    peerDependenciesMeta:
      oxlint-tsgolint:
        optional: true
      vite-plus:
        optional: true

  tinypool@2.1.0:
    resolution: {integrity: sha512-Pugqs6M0m7Lv1I7FtxN4aoyToKg1C4tu+/381vH35y8oENM/Ai7f7C4StcoK4/+BSw9ebcS8jRiVrORFKCALLw==}
    engines: {node: ^20.0.0 || >=22.0.0}

  typescript@6.0.3:
    resolution: {integrity: sha512-y2TvuxSZPDyQakkFRPZHKFm+KKVqIisdg9/CZwm9ftvKXLP8NRWj38/ODjNbr43SsoXqNuAisEf1GdCxqWcdBw==}
    engines: {node: '>=14.17'}
    hasBin: true

  undici-types@7.19.2:
    resolution: {integrity: sha512-qYVnV5OEm2AW8cJMCpdV20CDyaN3g0AjDlOGf1OW4iaDEx8MwdtChUp4zu4H0VP3nDRF/8RKWH+IPp9uW0YGZg==}

snapshots:

  '@oxfmt/binding-android-arm-eabi@0.48.0':
    optional: true

  '@oxfmt/binding-android-arm64@0.48.0':
    optional: true

  '@oxfmt/binding-darwin-arm64@0.48.0':
    optional: true

  '@oxfmt/binding-darwin-x64@0.48.0':
    optional: true

  '@oxfmt/binding-freebsd-x64@0.48.0':
    optional: true

  '@oxfmt/binding-linux-arm-gnueabihf@0.48.0':
    optional: true

  '@oxfmt/binding-linux-arm-musleabihf@0.48.0':
    optional: true

  '@oxfmt/binding-linux-arm64-gnu@0.48.0':
    optional: true

  '@oxfmt/binding-linux-arm64-musl@0.48.0':
    optional: true

  '@oxfmt/binding-linux-ppc64-gnu@0.48.0':
    optional: true

  '@oxfmt/binding-linux-riscv64-gnu@0.48.0':
    optional: true

  '@oxfmt/binding-linux-riscv64-musl@0.48.0':
    optional: true

  '@oxfmt/binding-linux-s390x-gnu@0.48.0':
    optional: true

  '@oxfmt/binding-linux-x64-gnu@0.48.0':
    optional: true

  '@oxfmt/binding-linux-x64-musl@0.48.0':
    optional: true

  '@oxfmt/binding-openharmony-arm64@0.48.0':
    optional: true

  '@oxfmt/binding-win32-arm64-msvc@0.48.0':
    optional: true

  '@oxfmt/binding-win32-ia32-msvc@0.48.0':
    optional: true

  '@oxfmt/binding-win32-x64-msvc@0.48.0':
    optional: true

  '@oxlint/binding-android-arm-eabi@1.75.0':
    optional: true

  '@oxlint/binding-android-arm64@1.75.0':
    optional: true

  '@oxlint/binding-darwin-arm64@1.75.0':
    optional: true

  '@oxlint/binding-darwin-x64@1.75.0':
    optional: true

  '@oxlint/binding-freebsd-x64@1.75.0':
    optional: true

  '@oxlint/binding-linux-arm-gnueabihf@1.75.0':
    optional: true

  '@oxlint/binding-linux-arm-musleabihf@1.75.0':
    optional: true

  '@oxlint/binding-linux-arm64-gnu@1.75.0':
    optional: true

  '@oxlint/binding-linux-arm64-musl@1.75.0':
    optional: true

  '@oxlint/binding-linux-ppc64-gnu@1.75.0':
    optional: true

  '@oxlint/binding-linux-riscv64-gnu@1.75.0':
    optional: true

  '@oxlint/binding-linux-riscv64-musl@1.75.0':
    optional: true

  '@oxlint/binding-linux-s390x-gnu@1.75.0':
    optional: true

  '@oxlint/binding-linux-x64-gnu@1.75.0':
    optional: true

  '@oxlint/binding-linux-x64-musl@1.75.0':
    optional: true

  '@oxlint/binding-openharmony-arm64@1.75.0':
    optional: true

  '@oxlint/binding-win32-arm64-msvc@1.75.0':
    optional: true

  '@oxlint/binding-win32-ia32-msvc@1.75.0':
    optional: true

  '@oxlint/binding-win32-x64-msvc@1.75.0':
    optional: true

  '@types/node@25.6.2':
    dependencies:
      undici-types: 7.19.2

  oxfmt@0.48.0:
    dependencies:
      tinypool: 2.1.0
    optionalDependencies:
      '@oxfmt/binding-android-arm-eabi': 0.48.0
      '@oxfmt/binding-android-arm64': 0.48.0
      '@oxfmt/binding-darwin-arm64': 0.48.0
      '@oxfmt/binding-darwin-x64': 0.48.0
      '@oxfmt/binding-freebsd-x64': 0.48.0
      '@oxfmt/binding-linux-arm-gnueabihf': 0.48.0
      '@oxfmt/binding-linux-arm-musleabihf': 0.48.0
      '@oxfmt/binding-linux-arm64-gnu': 0.48.0
      '@oxfmt/binding-linux-arm64-musl': 0.48.0
      '@oxfmt/binding-linux-ppc64-gnu': 0.48.0
      '@oxfmt/binding-linux-riscv64-gnu': 0.48.0
      '@oxfmt/binding-linux-riscv64-musl': 0.48.0
      '@oxfmt/binding-linux-s390x-gnu': 0.48.0
      '@oxfmt/binding-linux-x64-gnu': 0.48.0
      '@oxfmt/binding-linux-x64-musl': 0.48.0
      '@oxfmt/binding-openharmony-arm64': 0.48.0
      '@oxfmt/binding-win32-arm64-msvc': 0.48.0
      '@oxfmt/binding-win32-ia32-msvc': 0.48.0
      '@oxfmt/binding-win32-x64-msvc': 0.48.0

  oxlint@1.75.0:
    optionalDependencies:
      '@oxlint/binding-android-arm-eabi': 1.75.0
      '@oxlint/binding-android-arm64': 1.75.0
      '@oxlint/binding-darwin-arm64': 1.75.0
      '@oxlint/binding-darwin-x64': 1.75.0
      '@oxlint/binding-freebsd-x64': 1.75.0
      '@oxlint/binding-linux-arm-gnueabihf': 1.75.0
      '@oxlint/binding-linux-arm-musleabihf': 1.75.0
      '@oxlint/binding-linux-arm64-gnu': 1.75.0
      '@oxlint/binding-linux-arm64-musl': 1.75.0
      '@oxlint/binding-linux-ppc64-gnu': 1.75.0
      '@oxlint/binding-linux-riscv64-gnu': 1.75.0
      '@oxlint/binding-linux-riscv64-musl': 1.75.0
      '@oxlint/binding-linux-s390x-gnu': 1.75.0
      '@oxlint/binding-linux-x64-gnu': 1.75.0
      '@oxlint/binding-linux-x64-musl': 1.75.0
      '@oxlint/binding-openharmony-arm64': 1.75.0
      '@oxlint/binding-win32-arm64-msvc': 1.75.0
      '@oxlint/binding-win32-ia32-msvc': 1.75.0
      '@oxlint/binding-win32-x64-msvc': 1.75.0

  tinypool@2.1.0: {}

  typescript@6.0.3: {}

  undici-types@7.19.2: {}
