lockfileVersion: '9.0'

settings:
  autoInstallPeers: true
  excludeLinksFromLockfile: false

importers:

  .:
    devDependencies:
      '@types/node':
        specifier: ^25.6.2
        version: 25.6.2
      oxfmt:
        specifier: ^0.48.0
        version: 0.48.0
      oxlint:
        specifier: ^1.63.0
        version: 1.64.0
      typescript:
        specifier: ^6.0.3
        version: 6.0.3

packages:

  '@oxfmt/binding-android-arm-eabi@0.48.0':
    resolution: {integrity: sha512-uwqk+/KhQvBIpULD8SMM/zAafMRC/+DV/xsEQjkkIsJ/kLmEI/2bxonVowcYTiXqqZ/a0FEW8DPkZY3VvwELDA==}
    engines: {node: ^20.19.0 || >=22.12.0}
    cpu: [arm]
    os: [android]

  '@oxfmt/binding-android-arm64@0.48.0':
    resolution: {integrity: sha512-VUCiKuXK5+McVssgHEJdrcGK7hRJzrRb36zm9/jwzMholyYt4BgXhw5Nm1V1DX6Ce717Zi/1jk432b/tgmQgtQ==}
    engines: {node: ^20.19.0 || >=22.12.0}
    cpu: [arm64]
    os: [android]

  '@oxfmt/binding-darwin-arm64@0.48.0':
    resolution: {integrity: sha512-IkKp8rnIyQLW6Jt+6jragCbUVYSayk55lapiprLjIVvt4NczLyO/nwX2GgefLQ5iaBdfS8UEAFgCs/pLO6Cl0w==}
    engines: {node: ^20.19.0 || >=22.12.0}
    cpu: [arm64]
    os: [darwin]

  '@oxfmt/binding-darwin-x64@0.48.0':
    resolution: {integrity: sha512-+aFuhsGIuvnoOjXyKVHMhPKJZR1kQkAl8QyrKoMlA7yJsSTC3N0Asl53La8TChSHhW8epToQ/Q0nvLmEmfNmLg==}
    engines: {node: ^20.19.0 || >=22.12.0}
    cpu: [x64]
    os: [darwin]

  '@oxfmt/binding-freebsd-x64@0.48.0':
    resolution: {integrity: sha512-fbqzQL8FjI9gGnktI7RIo0dksDziTAYBy7xlI7jU7eID5fxLF/25fS4Xj6GydD8Y5oWHL83U4NK160QaOAxtyg==}
    engines: {node: ^20.19.0 || >=22.12.0}
    cpu: [x64]
    os: [freebsd]

  '@oxfmt/binding-linux-arm-gnueabihf@0.48.0':
    resolution: {integrity: sha512-hn4i0zhAyTiB3ZHjQfYUZkDvrbVkohw1S7pySWxWUoZ87HnkDoTFThj7QTxk40hNPOTUP0vHbPRNamFIv1HBJQ==}
    engines: {node: ^20.19.0 || >=22.12.0}
    cpu: [arm]
    os: [linux]

  '@oxfmt/binding-linux-arm-musleabihf@0.48.0':
    resolution: {integrity: sha512-R4WBD9qF3QM9hqgdAa+fBGXmquTvDUujrPQ36t2Sjk8RPOSKGHDeN7l/khr10hqbQaOq9KCgPHG9ubNET/X/RQ==}
    engines: {node: ^20.19.0 || >=22.12.0}
    cpu: [arm]
    os: [linux]

  '@oxfmt/binding-linux-arm64-gnu@0.48.0':
    resolution: {integrity: sha512-5bVdwSwlm1M8wbYCorLOxWxUBw/8tBvHYyQNIfwWVPwOJaj5vg1APSGJQVpwJfV5VNE9PSrR91UKEpoNwHhqUA==}
    engines: {node: ^20.19.0 || >=22.12.0}
    cpu: [arm64]
    os: [linux]
    libc: [glibc]

  '@oxfmt/binding-linux-arm64-musl@0.48.0':
    resolution: {integrity: sha512-vCS3Fk7gFslTqE1lUE2IlroyVV7u/9SmMA/uBqDoshuck2psGWcjW0ePyPZI3rM3+qtf2pDaMVIKMHozraifuw==}
    engines: {node: ^20.19.0 || >=22.12.0}
    cpu: [arm64]
    os: [linux]
    libc: [musl]

  '@oxfmt/binding-linux-ppc64-gnu@0.48.0':
    resolution: {integrity: sha512-gKtfFfueUClXDumyoHUbymqRf7prHejOOyzJK0eIJn93GF9JBdFHdo60TM1ZBHxkEwZvjuOgHmKtneKbEOc/Eg==}
    engines: {node: ^20.19.0 || >=22.12.0}
    cpu: [ppc64]
    os: [linux]
    libc: [glibc]

  '@oxfmt/binding-linux-riscv64-gnu@0.48.0':
    resolution: {integrity: sha512-SYt0UhOvZD/UwZz9sXq6J2uAw8o24f5VZpLB2DH01f6MevshmlgakQlZe2lwek2sZJkd07eLu7mZa0g7yeiw7Q==}
    engines: {node: ^20.19.0 || >=22.12.0}
    cpu: [riscv64]
    os: [linux]
    libc: [glibc]

  '@oxfmt/binding-linux-riscv64-musl@0.48.0':
    resolution: {integrity: sha512-JLbrwck2AopG4ud/XklZO5N+qxGC7cS7ROvXZVNfx0MCLDDL2kGOLvzuWORkVjnjAM0CMAfIMU2zNBtQbM+4dw==}
    engines: {node: ^20.19.0 || >=22.12.0}
    cpu: [riscv64]
    os: [linux]
    libc: [musl]

  '@oxfmt/binding-linux-s390x-gnu@0.48.0':
    resolution: {integrity: sha512-mdxt5L8OQLxkQH+JVpdC/lknZNe0lX4hlO3d8+xvw2wToo+iDrid9tiGOd5bmHfUVd5wVhrUry0qlu5vq66NkQ==}
    engines: {node: ^20.19.0 || >=22.12.0}
    cpu: [s390x]
    os: [linux]
    libc: [glibc]

  '@oxfmt/binding-linux-x64-gnu@0.48.0':
    resolution: {integrity: sha512-oEz1BQwMrV7OMEFx/3VPDU3n9TM0AnxpktDYXjEg5i6nTX87wo18wSfBvkl4tzAICdKtoAQAdBIl7Y7hsPlx5w==}
    engines: {node: ^20.19.0 || >=22.12.0}
    cpu: [x64]
    os: [linux]
    libc: [glibc]

  '@oxfmt/binding-linux-x64-musl@0.48.0':
    resolution: {integrity: sha512-g2SKTTurP5mWjd8Ecait0erYqmltL4IqW1EwttM25BxM6NiTt4ubobJYMR1uox1V2QgG4UfHH10CGRvWlUixjw==}
    engines: {node: ^20.19.0 || >=22.12.0}
    cpu: [x64]
    os: [linux]
    libc: [musl]

  '@oxfmt/binding-openharmony-arm64@0.48.0':
    resolution: {integrity: sha512-CIg24VgheEpvolHL2gQuax5qcQ602bRMHrJ9g8XsQr3iVj9aSPgopigBKuMqrXsupwkrU+RQCn5cG8PgFntR6w==}
    engines: {node: ^20.19.0 || >=22.12.0}
    cpu: [arm64]
    os: [openharmony]

  '@oxfmt/binding-win32-arm64-msvc@0.48.0':
    resolution: {integrity: sha512-zeaWkcxcEULwkGF3I/HgEvcDPN8buYDrxibBUa/IFh5Vmwyge+KpLO+hEwSovW349H0O/C0Z2kaFmEzEDm00/Q==}
    engines: {node: ^20.19.0 || >=22.12.0}
    cpu: [arm64]
    os: [win32]

  '@oxfmt/binding-win32-ia32-msvc@0.48.0':
    resolution: {integrity: sha512-yiEKnIAGvx5CyZQOlMaNlZkAbwT7/Quk0j3WLt+PR5hK+qYjPTRRJYDfD77wCBPLvEYAG41v4KG3iL0H+uxoxg==}
    engines: {node: ^20.19.0 || >=22.12.0}
    cpu: [ia32]
    os: [win32]

  '@oxfmt/binding-win32-x64-msvc@0.48.0':
    resolution: {integrity: sha512-GSD2+7t2UoVMV2NgxXypa4bKewflPMAjYnF0Xw9/ht82ZfafAHhb8STwrEd7wlH2PFogt5zw3WVCxYJaHUdbeQ==}
    engines: {node: ^20.19.0 || >=22.12.0}
    cpu: [x64]
    os: [win32]

  '@oxlint/binding-android-arm-eabi@1.64.0':
    resolution: {integrity: sha512-2r6Nq3XXGLHEXKkSj8JtmJ6N4gDw431DPFOg0ZoJHlNjnG6HVMm/ksQ10m0HJ8WBvwgMe1L50UHPaYZutCRPCw==}
    engines: {node: ^20.19.0 || >=22.12.0}
    cpu: [arm]
    os: [android]

  '@oxlint/binding-android-arm64@1.64.0':
    resolution: {integrity: sha512-ePJMpePgg7fBv+L/hVx1xXRU5/5gd5m0obLA6hPEfLXF3GjpR8idIDbY1dhQYhyz1ms2wdTccSboo6KEd2Oxtg==}
    engines: {node: ^20.19.0 || >=22.12.0}
    cpu: [arm64]
    os: [android]

  '@oxlint/binding-darwin-arm64@1.64.0':
    resolution: {integrity: sha512-U4DMLQd10gJLuoSTLSGbfv3bGjTlUNsScm9Dgb8wwBqmCzidf1pE1pXV4doGNxqwH3KtVng1AGTINA0NvkGLvQ==}
    engines: {node: ^20.19.0 || >=22.12.0}
    cpu: [arm64]
    os: [darwin]

  '@oxlint/binding-darwin-x64@1.64.0':
    resolution: {integrity: sha512-GoRIL48QWm4/TAvjN8pB1nAG+1/uqc9EdnWT9zqHeb6wsmjZtywj8VRe5aGW47Fdb64YtLOsdLqVxOvQuz98Wg==}
    engines: {node: ^20.19.0 || >=22.12.0}
    cpu: [x64]
    os: [darwin]

  '@oxlint/binding-freebsd-x64@1.64.0':
    resolution: {integrity: sha512-5dFkv4tkg7PxJJGS9/OjrJwjhuHczrd3OQOkRE0wHcLM+ncUnULtzEPWjqGOxTXxZnLWcB91bGiIznx89TVXyQ==}
    engines: {node: ^20.19.0 || >=22.12.0}
    cpu: [x64]
    os: [freebsd]

  '@oxlint/binding-linux-arm-gnueabihf@1.64.0':
    resolution: {integrity: sha512-jsBqMLl/uOL5+Kq/+BtK9FrmiNGUbx8SiyZXv+WlUxA45KuwcLu9BfiSIL3I3DBDgWM3yZizDITnTK9BcqNBQg==}
    engines: {node: ^20.19.0 || >=22.12.0}
    cpu: [arm]
    os: [linux]

  '@oxlint/binding-linux-arm-musleabihf@1.64.0':
    resolution: {integrity: sha512-1lrj8At/Uuc9GhjrVFBQo0NEjfBrTkzpmtHIGAhNnIXqn1CAyGL+qrztUsXb2GIluJrpl9Q7qRLJOb/NqydacQ==}
    engines: {node: ^20.19.0 || >=22.12.0}
    cpu: [arm]
    os: [linux]

  '@oxlint/binding-linux-arm64-gnu@1.64.0':
    resolution: {integrity: sha512-HpSQbubwh03mMhAdy2BYtad/fsY8vDFHDAb6bUwuCYg2VD3xCQgn6ArKcO0oZyLCheacKTv4PrF3Mfu5hgoE2g==}
    engines: {node: ^20.19.0 || >=22.12.0}
    cpu: [arm64]
    os: [linux]
    libc: [glibc]

  '@oxlint/binding-linux-arm64-musl@1.64.0':
    resolution: {integrity: sha512-00QQ0h0Y7u0G69BgiH3+ky2aaq/QvkDL6DYok8htIuJHxybiux5aQ8jwmg8qIk9wha6UagUP2BAwAzbemcJbpg==}
    engines: {node: ^20.19.0 || >=22.12.0}
    cpu: [arm64]
    os: [linux]
    libc: [musl]

  '@oxlint/binding-linux-ppc64-gnu@1.64.0':
    resolution: {integrity: sha512-2GaimTV6EMW+s5HS0An3oGbQme3BgHswvfVdGk3EB57Xe9+/gyT+Qd7lNVzb3rtir52vbIPzXfaYArzs5b5zcw==}
    engines: {node: ^20.19.0 || >=22.12.0}
    cpu: [ppc64]
    os: [linux]
    libc: [glibc]

  '@oxlint/binding-linux-riscv64-gnu@1.64.0':
    resolution: {integrity: sha512-H46AtFb9wypjoVwGdlxrm0DsD809NGmtiK9HiyPKTxkSte2YjhC4S+00rOIrwCaxcyPiGid3Y3OMXp5KMAkGZw==}
    engines: {node: ^20.19.0 || >=22.12.0}
    cpu: [riscv64]
    os: [linux]
    libc: [glibc]

  '@oxlint/binding-linux-riscv64-musl@1.64.0':
    resolution: {integrity: sha512-HEgsidjjvvyzdg82icYkuFCf7REDV7B9JFwbIMbVwrKLBY0MrXX+bku3POn/hduZ2yW91IyVDUMq0Bf02KwXQw==}
    engines: {node: ^20.19.0 || >=22.12.0}
    cpu: [riscv64]
    os: [linux]
    libc: [musl]

  '@oxlint/binding-linux-s390x-gnu@1.64.0':
    resolution: {integrity: sha512-Axvm8qryotmKN00P5w4JapaSjvP2LOSbdbBJiX+2SuHd3QzhW7TUc8skqgw+ahQZ5DmzEYeHCqauvW8f32Ns6Q==}
    engines: {node: ^20.19.0 || >=22.12.0}
    cpu: [s390x]
    os: [linux]
    libc: [glibc]

  '@oxlint/binding-linux-x64-gnu@1.64.0':
    resolution: {integrity: sha512-cR60vSd7+m+KRZ3GQGfDxWwahW5RMXg0qlGvAluZr0fTUYvw0H9N9AXAF/M/PMqgytyqvVNmBAkJG9l7U30Y1g==}
    engines: {node: ^20.19.0 || >=22.12.0}
    cpu: [x64]
    os: [linux]
    libc: [glibc]

  '@oxlint/binding-linux-x64-musl@1.64.0':
    resolution: {integrity: sha512-2u/aPZ9pEg7HnvZPDsHxUGNnrpr4qaHi+mCgLgpt+LYRzPrS4Px4wPfkIdRdr2GvKnaYyt+XSlto0Vm5sbStTg==}
    engines: {node: ^20.19.0 || >=22.12.0}
    cpu: [x64]
    os: [linux]
    libc: [musl]

  '@oxlint/binding-openharmony-arm64@1.64.0':
    resolution: {integrity: sha512-kfhkGfCdoXLSxEkrhDlJrvBYajGmq+ma4EMc53dsOWTq+rIBOlI0vTBmpZNnM5oH2LY/K/w1HAK+UQEgjgpVUg==}
    engines: {node: ^20.19.0 || >=22.12.0}
    cpu: [arm64]
    os: [openharmony]

  '@oxlint/binding-win32-arm64-msvc@1.64.0':
    resolution: {integrity: sha512-r/cNKBFieONoVu2bb1KkVouq9W+edDUgHumXJGphCRRj+U0xaD4nanrw8ZOqo0IsutPkEM4vCcGBpak6x5aXMg==}
    engines: {node: ^20.19.0 || >=22.12.0}
    cpu: [arm64]
    os: [win32]

  '@oxlint/binding-win32-ia32-msvc@1.64.0':
    resolution: {integrity: sha512-tUw0xUUwEFVZbpJoeCblkv8SJA4Xz3CdXCJbAnBsiNLyxDrk2tLcxEAS6M73Q7hHHDg3OtwI8vZVK3t5RJt4Gw==}
    engines: {node: ^20.19.0 || >=22.12.0}
    cpu: [ia32]
    os: [win32]

  '@oxlint/binding-win32-x64-msvc@1.64.0':
    resolution: {integrity: sha512-9CBR+LO0JVST87fNTzzNxS5I29jIUO5gxT9i9+M3SDHHALElj9sY1Prf12tad3vIRC6OD7Ehtvvh+sn13vSwHw==}
    engines: {node: ^20.19.0 || >=22.12.0}
    cpu: [x64]
    os: [win32]

  '@types/node@25.6.2':
    resolution: {integrity: sha512-sokuT28dxf9JT5Kady1fsXOvI4HVpjZa95NKT5y9PNTIrs2AsobR4GFAA90ZG8M+nxVRLysCXsVj6eGC7Vbrlw==}

  oxfmt@0.48.0:
    resolution: {integrity: sha512-AVaLh+7XeGx+R1zfFV+f6VV61nT2MWVJXVUDhbTm5LBWGyNt64xAyh3NYYyjeY2WykNt9AvqSQLPHcbWquYF9g==}
    engines: {node: ^20.19.0 || >=22.12.0}
    hasBin: true

  oxlint@1.64.0:
    resolution: {integrity: sha512-Star3SNpWPeWFPw7kRXIhXUSn6fdiAl25q15CQzH/9WaOtG6e9CWTc25vNZOCr4PE1yEP1GtKJKIKglhj3OmEQ==}
    engines: {node: ^20.19.0 || >=22.12.0}
    hasBin: true
    peerDependencies:
      oxlint-tsgolint: '>=0.22.1'
    peerDependenciesMeta:
      oxlint-tsgolint:
        optional: true

  tinypool@2.1.0:
    resolution: {integrity: sha512-Pugqs6M0m7Lv1I7FtxN4aoyToKg1C4tu+/381vH35y8oENM/Ai7f7C4StcoK4/+BSw9ebcS8jRiVrORFKCALLw==}
    engines: {node: ^20.0.0 || >=22.0.0}

  typescript@6.0.3:
    resolution: {integrity: sha512-y2TvuxSZPDyQakkFRPZHKFm+KKVqIisdg9/CZwm9ftvKXLP8NRWj38/ODjNbr43SsoXqNuAisEf1GdCxqWcdBw==}
    engines: {node: '>=14.17'}
    hasBin: true

  undici-types@7.19.2:
    resolution: {integrity: sha512-qYVnV5OEm2AW8cJMCpdV20CDyaN3g0AjDlOGf1OW4iaDEx8MwdtChUp4zu4H0VP3nDRF/8RKWH+IPp9uW0YGZg==}

snapshots:

  '@oxfmt/binding-android-arm-eabi@0.48.0':
    optional: true

  '@oxfmt/binding-android-arm64@0.48.0':
    optional: true

  '@oxfmt/binding-darwin-arm64@0.48.0':
    optional: true

  '@oxfmt/binding-darwin-x64@0.48.0':
    optional: true

  '@oxfmt/binding-freebsd-x64@0.48.0':
    optional: true

  '@oxfmt/binding-linux-arm-gnueabihf@0.48.0':
    optional: true

  '@oxfmt/binding-linux-arm-musleabihf@0.48.0':
    optional: true

  '@oxfmt/binding-linux-arm64-gnu@0.48.0':
    optional: true

  '@oxfmt/binding-linux-arm64-musl@0.48.0':
    optional: true

  '@oxfmt/binding-linux-ppc64-gnu@0.48.0':
    optional: true

  '@oxfmt/binding-linux-riscv64-gnu@0.48.0':
    optional: true

  '@oxfmt/binding-linux-riscv64-musl@0.48.0':
    optional: true

  '@oxfmt/binding-linux-s390x-gnu@0.48.0':
    optional: true

  '@oxfmt/binding-linux-x64-gnu@0.48.0':
    optional: true

  '@oxfmt/binding-linux-x64-musl@0.48.0':
    optional: true

  '@oxfmt/binding-openharmony-arm64@0.48.0':
    optional: true

  '@oxfmt/binding-win32-arm64-msvc@0.48.0':
    optional: true

  '@oxfmt/binding-win32-ia32-msvc@0.48.0':
    optional: true

  '@oxfmt/binding-win32-x64-msvc@0.48.0':
    optional: true

  '@oxlint/binding-android-arm-eabi@1.64.0':
    optional: true

  '@oxlint/binding-android-arm64@1.64.0':
    optional: true

  '@oxlint/binding-darwin-arm64@1.64.0':
    optional: true

  '@oxlint/binding-darwin-x64@1.64.0':
    optional: true

  '@oxlint/binding-freebsd-x64@1.64.0':
    optional: true

  '@oxlint/binding-linux-arm-gnueabihf@1.64.0':
    optional: true

  '@oxlint/binding-linux-arm-musleabihf@1.64.0':
    optional: true

  '@oxlint/binding-linux-arm64-gnu@1.64.0':
    optional: true

  '@oxlint/binding-linux-arm64-musl@1.64.0':
    optional: true

  '@oxlint/binding-linux-ppc64-gnu@1.64.0':
    optional: true

  '@oxlint/binding-linux-riscv64-gnu@1.64.0':
    optional: true

  '@oxlint/binding-linux-riscv64-musl@1.64.0':
    optional: true

  '@oxlint/binding-linux-s390x-gnu@1.64.0':
    optional: true

  '@oxlint/binding-linux-x64-gnu@1.64.0':
    optional: true

  '@oxlint/binding-linux-x64-musl@1.64.0':
    optional: true

  '@oxlint/binding-openharmony-arm64@1.64.0':
    optional: true

  '@oxlint/binding-win32-arm64-msvc@1.64.0':
    optional: true

  '@oxlint/binding-win32-ia32-msvc@1.64.0':
    optional: true

  '@oxlint/binding-win32-x64-msvc@1.64.0':
    optional: true

  '@types/node@25.6.2':
    dependencies:
      undici-types: 7.19.2

  oxfmt@0.48.0:
    dependencies:
      tinypool: 2.1.0
    optionalDependencies:
      '@oxfmt/binding-android-arm-eabi': 0.48.0
      '@oxfmt/binding-android-arm64': 0.48.0
      '@oxfmt/binding-darwin-arm64': 0.48.0
      '@oxfmt/binding-darwin-x64': 0.48.0
      '@oxfmt/binding-freebsd-x64': 0.48.0
      '@oxfmt/binding-linux-arm-gnueabihf': 0.48.0
      '@oxfmt/binding-linux-arm-musleabihf': 0.48.0
      '@oxfmt/binding-linux-arm64-gnu': 0.48.0
      '@oxfmt/binding-linux-arm64-musl': 0.48.0
      '@oxfmt/binding-linux-ppc64-gnu': 0.48.0
      '@oxfmt/binding-linux-riscv64-gnu': 0.48.0
      '@oxfmt/binding-linux-riscv64-musl': 0.48.0
      '@oxfmt/binding-linux-s390x-gnu': 0.48.0
      '@oxfmt/binding-linux-x64-gnu': 0.48.0
      '@oxfmt/binding-linux-x64-musl': 0.48.0
      '@oxfmt/binding-openharmony-arm64': 0.48.0
      '@oxfmt/binding-win32-arm64-msvc': 0.48.0
      '@oxfmt/binding-win32-ia32-msvc': 0.48.0
      '@oxfmt/binding-win32-x64-msvc': 0.48.0

  oxlint@1.64.0:
    optionalDependencies:
      '@oxlint/binding-android-arm-eabi': 1.64.0
      '@oxlint/binding-android-arm64': 1.64.0
      '@oxlint/binding-darwin-arm64': 1.64.0
      '@oxlint/binding-darwin-x64': 1.64.0
      '@oxlint/binding-freebsd-x64': 1.64.0
      '@oxlint/binding-linux-arm-gnueabihf': 1.64.0
      '@oxlint/binding-linux-arm-musleabihf': 1.64.0
      '@oxlint/binding-linux-arm64-gnu': 1.64.0
      '@oxlint/binding-linux-arm64-musl': 1.64.0
      '@oxlint/binding-linux-ppc64-gnu': 1.64.0
      '@oxlint/binding-linux-riscv64-gnu': 1.64.0
      '@oxlint/binding-linux-riscv64-musl': 1.64.0
      '@oxlint/binding-linux-s390x-gnu': 1.64.0
      '@oxlint/binding-linux-x64-gnu': 1.64.0
      '@oxlint/binding-linux-x64-musl': 1.64.0
      '@oxlint/binding-openharmony-arm64': 1.64.0
      '@oxlint/binding-win32-arm64-msvc': 1.64.0
      '@oxlint/binding-win32-ia32-msvc': 1.64.0
      '@oxlint/binding-win32-x64-msvc': 1.64.0

  tinypool@2.1.0: {}

  typescript@6.0.3: {}

  undici-types@7.19.2: {}
