lockfileVersion: '9.0'

settings:
  autoInstallPeers: true
  excludeLinksFromLockfile: false

importers:

  .:
    devDependencies:
      '@types/node':
        specifier: ^25.6.2
        version: 25.6.2
      oxfmt:
        specifier: ^0.48.0
        version: 0.48.0
      oxlint:
        specifier: ^1.63.0
        version: 1.77.0
      typescript:
        specifier: ^6.0.3
        version: 6.0.3

packages:

  '@oxfmt/binding-android-arm-eabi@0.48.0':
    resolution: {integrity: sha512-uwqk+/KhQvBIpULD8SMM/zAafMRC/+DV/xsEQjkkIsJ/kLmEI/2bxonVowcYTiXqqZ/a0FEW8DPkZY3VvwELDA==}
    engines: {node: ^20.19.0 || >=22.12.0}
    cpu: [arm]
    os: [android]

  '@oxfmt/binding-android-arm64@0.48.0':
    resolution: {integrity: sha512-VUCiKuXK5+McVssgHEJdrcGK7hRJzrRb36zm9/jwzMholyYt4BgXhw5Nm1V1DX6Ce717Zi/1jk432b/tgmQgtQ==}
    engines: {node: ^20.19.0 || >=22.12.0}
    cpu: [arm64]
    os: [android]

  '@oxfmt/binding-darwin-arm64@0.48.0':
    resolution: {integrity: sha512-IkKp8rnIyQLW6Jt+6jragCbUVYSayk55lapiprLjIVvt4NczLyO/nwX2GgefLQ5iaBdfS8UEAFgCs/pLO6Cl0w==}
    engines: {node: ^20.19.0 || >=22.12.0}
    cpu: [arm64]
    os: [darwin]

  '@oxfmt/binding-darwin-x64@0.48.0':
    resolution: {integrity: sha512-+aFuhsGIuvnoOjXyKVHMhPKJZR1kQkAl8QyrKoMlA7yJsSTC3N0Asl53La8TChSHhW8epToQ/Q0nvLmEmfNmLg==}
    engines: {node: ^20.19.0 || >=22.12.0}
    cpu: [x64]
    os: [darwin]

  '@oxfmt/binding-freebsd-x64@0.48.0':
    resolution: {integrity: sha512-fbqzQL8FjI9gGnktI7RIo0dksDziTAYBy7xlI7jU7eID5fxLF/25fS4Xj6GydD8Y5oWHL83U4NK160QaOAxtyg==}
    engines: {node: ^20.19.0 || >=22.12.0}
    cpu: [x64]
    os: [freebsd]

  '@oxfmt/binding-linux-arm-gnueabihf@0.48.0':
    resolution: {integrity: sha512-hn4i0zhAyTiB3ZHjQfYUZkDvrbVkohw1S7pySWxWUoZ87HnkDoTFThj7QTxk40hNPOTUP0vHbPRNamFIv1HBJQ==}
    engines: {node: ^20.19.0 || >=22.12.0}
    cpu: [arm]
    os: [linux]

  '@oxfmt/binding-linux-arm-musleabihf@0.48.0':
    resolution: {integrity: sha512-R4WBD9qF3QM9hqgdAa+fBGXmquTvDUujrPQ36t2Sjk8RPOSKGHDeN7l/khr10hqbQaOq9KCgPHG9ubNET/X/RQ==}
    engines: {node: ^20.19.0 || >=22.12.0}
    cpu: [arm]
    os: [linux]

  '@oxfmt/binding-linux-arm64-gnu@0.48.0':
    resolution: {integrity: sha512-5bVdwSwlm1M8wbYCorLOxWxUBw/8tBvHYyQNIfwWVPwOJaj5vg1APSGJQVpwJfV5VNE9PSrR91UKEpoNwHhqUA==}
    engines: {node: ^20.19.0 || >=22.12.0}
    cpu: [arm64]
    os: [linux]
    libc: [glibc]

  '@oxfmt/binding-linux-arm64-musl@0.48.0':
    resolution: {integrity: sha512-vCS3Fk7gFslTqE1lUE2IlroyVV7u/9SmMA/uBqDoshuck2psGWcjW0ePyPZI3rM3+qtf2pDaMVIKMHozraifuw==}
    engines: {node: ^20.19.0 || >=22.12.0}
    cpu: [arm64]
    os: [linux]
    libc: [musl]

  '@oxfmt/binding-linux-ppc64-gnu@0.48.0':
    resolution: {integrity: sha512-gKtfFfueUClXDumyoHUbymqRf7prHejOOyzJK0eIJn93GF9JBdFHdo60TM1ZBHxkEwZvjuOgHmKtneKbEOc/Eg==}
    engines: {node: ^20.19.0 || >=22.12.0}
    cpu: [ppc64]
    os: [linux]
    libc: [glibc]

  '@oxfmt/binding-linux-riscv64-gnu@0.48.0':
    resolution: {integrity: sha512-SYt0UhOvZD/UwZz9sXq6J2uAw8o24f5VZpLB2DH01f6MevshmlgakQlZe2lwek2sZJkd07eLu7mZa0g7yeiw7Q==}
    engines: {node: ^20.19.0 || >=22.12.0}
    cpu: [riscv64]
    os: [linux]
    libc: [glibc]

  '@oxfmt/binding-linux-riscv64-musl@0.48.0':
    resolution: {integrity: sha512-JLbrwck2AopG4ud/XklZO5N+qxGC7cS7ROvXZVNfx0MCLDDL2kGOLvzuWORkVjnjAM0CMAfIMU2zNBtQbM+4dw==}
    engines: {node: ^20.19.0 || >=22.12.0}
    cpu: [riscv64]
    os: [linux]
    libc: [musl]

  '@oxfmt/binding-linux-s390x-gnu@0.48.0':
    resolution: {integrity: sha512-mdxt5L8OQLxkQH+JVpdC/lknZNe0lX4hlO3d8+xvw2wToo+iDrid9tiGOd5bmHfUVd5wVhrUry0qlu5vq66NkQ==}
    engines: {node: ^20.19.0 || >=22.12.0}
    cpu: [s390x]
    os: [linux]
    libc: [glibc]

  '@oxfmt/binding-linux-x64-gnu@0.48.0':
    resolution: {integrity: sha512-oEz1BQwMrV7OMEFx/3VPDU3n9TM0AnxpktDYXjEg5i6nTX87wo18wSfBvkl4tzAICdKtoAQAdBIl7Y7hsPlx5w==}
    engines: {node: ^20.19.0 || >=22.12.0}
    cpu: [x64]
    os: [linux]
    libc: [glibc]

  '@oxfmt/binding-linux-x64-musl@0.48.0':
    resolution: {integrity: sha512-g2SKTTurP5mWjd8Ecait0erYqmltL4IqW1EwttM25BxM6NiTt4ubobJYMR1uox1V2QgG4UfHH10CGRvWlUixjw==}
    engines: {node: ^20.19.0 || >=22.12.0}
    cpu: [x64]
    os: [linux]
    libc: [musl]

  '@oxfmt/binding-openharmony-arm64@0.48.0':
    resolution: {integrity: sha512-CIg24VgheEpvolHL2gQuax5qcQ602bRMHrJ9g8XsQr3iVj9aSPgopigBKuMqrXsupwkrU+RQCn5cG8PgFntR6w==}
    engines: {node: ^20.19.0 || >=22.12.0}
    cpu: [arm64]
    os: [openharmony]

  '@oxfmt/binding-win32-arm64-msvc@0.48.0':
    resolution: {integrity: sha512-zeaWkcxcEULwkGF3I/HgEvcDPN8buYDrxibBUa/IFh5Vmwyge+KpLO+hEwSovW349H0O/C0Z2kaFmEzEDm00/Q==}
    engines: {node: ^20.19.0 || >=22.12.0}
    cpu: [arm64]
    os: [win32]

  '@oxfmt/binding-win32-ia32-msvc@0.48.0':
    resolution: {integrity: sha512-yiEKnIAGvx5CyZQOlMaNlZkAbwT7/Quk0j3WLt+PR5hK+qYjPTRRJYDfD77wCBPLvEYAG41v4KG3iL0H+uxoxg==}
    engines: {node: ^20.19.0 || >=22.12.0}
    cpu: [ia32]
    os: [win32]

  '@oxfmt/binding-win32-x64-msvc@0.48.0':
    resolution: {integrity: sha512-GSD2+7t2UoVMV2NgxXypa4bKewflPMAjYnF0Xw9/ht82ZfafAHhb8STwrEd7wlH2PFogt5zw3WVCxYJaHUdbeQ==}
    engines: {node: ^20.19.0 || >=22.12.0}
    cpu: [x64]
    os: [win32]

  '@oxlint/binding-android-arm-eabi@1.77.0':
    resolution: {integrity: sha512-E06sKWS6PiI6HRxS1wyQg22HvApt01hI7fV+T3wUk3OSbaaP4a3hYGY/MIQDmASqCiRjBdpRQYkgMkqH82cWmQ==}
    engines: {node: ^20.19.0 || >=22.12.0}
    cpu: [arm]
    os: [android]

  '@oxlint/binding-android-arm64@1.77.0':
    resolution: {integrity: sha512-NvsKz0KZxTp9cYWPLf+FXaSZwB3oO3peAjtukpOMBgse2vhQSoIIVqeO1yR0lEo/UcdZIDL18uq+kL0LzQ0ytA==}
    engines: {node: ^20.19.0 || >=22.12.0}
    cpu: [arm64]
    os: [android]

  '@oxlint/binding-darwin-arm64@1.77.0':
    resolution: {integrity: sha512-bgjTn6nW4bQCFBvSvuHCpDD+sONvmpo4lGI4PxzMt1quBA+xYxhczk6RiCn3GZ9gY8uhaBbwhj9MdKGfu6T9DA==}
    engines: {node: ^20.19.0 || >=22.12.0}
    cpu: [arm64]
    os: [darwin]

  '@oxlint/binding-darwin-x64@1.77.0':
    resolution: {integrity: sha512-aotaIttH1R6j1Rwhx0M0htgeZyGtVQqYNTVEYMN/UcgHPquGA6kmk9OyuDc3a2GKUQBC+3C3GVQCcrRPMYqAFA==}
    engines: {node: ^20.19.0 || >=22.12.0}
    cpu: [x64]
    os: [darwin]

  '@oxlint/binding-freebsd-x64@1.77.0':
    resolution: {integrity: sha512-nNx/wta7ksRAdYvq+l4AWjXkLxEXHALhENxjj2cYbQAIR4ybaA5L+hCbE63HOmft5czQ6ks+hb8vmEAnn7YGPg==}
    engines: {node: ^20.19.0 || >=22.12.0}
    cpu: [x64]
    os: [freebsd]

  '@oxlint/binding-linux-arm-gnueabihf@1.77.0':
    resolution: {integrity: sha512-tMLLjM7xXtzXisVCzkOTXNCy9bZVId2wteNwjohlFDR/jY6WagpEDA1c1wu4xRc20Hojaxj+V6DSR7gbKxijWA==}
    engines: {node: ^20.19.0 || >=22.12.0}
    cpu: [arm]
    os: [linux]

  '@oxlint/binding-linux-arm-musleabihf@1.77.0':
    resolution: {integrity: sha512-MiAFDFaqR0tmHTAyo0YDcZ5hyLREdYw/RQhc2R3cbT+8O3tB+zqPM2th9TTQ+Uo3jn/embS+DO+HyX9ztCPkOQ==}
    engines: {node: ^20.19.0 || >=22.12.0}
    cpu: [arm]
    os: [linux]

  '@oxlint/binding-linux-arm64-gnu@1.77.0':
    resolution: {integrity: sha512-/xqQ3B16i1T4cyt/9Mn+4CpzhUXoBXp7kVpIwzOXNFLj5JmK1bIjsbSnX296Gg8A/o7oDtKWikFgBx0SLwztkw==}
    engines: {node: ^20.19.0 || >=22.12.0}
    cpu: [arm64]
    os: [linux]
    libc: [glibc]

  '@oxlint/binding-linux-arm64-musl@1.77.0':
    resolution: {integrity: sha512-LSbwuRKiNCenPDcbARqAZ5RfBy7gmj7vOvfJRLeCDU3gFtSxWbhv/+VTlaUqzUhNj1gFLHB8h7ALnxa/Az6z6g==}
    engines: {node: ^20.19.0 || >=22.12.0}
    cpu: [arm64]
    os: [linux]
    libc: [musl]

  '@oxlint/binding-linux-ppc64-gnu@1.77.0':
    resolution: {integrity: sha512-QWdcH31mXEUe5Nq1s0CfCpceaKjIo9uZtwDjAuL681g1axf+5x8xrg/eXWaw//4NCxYZ4V4e5Hu5tvdR+pTBlg==}
    engines: {node: ^20.19.0 || >=22.12.0}
    cpu: [ppc64]
    os: [linux]
    libc: [glibc]

  '@oxlint/binding-linux-riscv64-gnu@1.77.0':
    resolution: {integrity: sha512-GnOfYgJxbcElOiPZaDFDl406ONddwvOWk2jvAAAEjwAl4GofNoHF+/HHUIBYa6bFCArlcGPi0XjC4cU1pkgF/Q==}
    engines: {node: ^20.19.0 || >=22.12.0}
    cpu: [riscv64]
    os: [linux]
    libc: [glibc]

  '@oxlint/binding-linux-riscv64-musl@1.77.0':
    resolution: {integrity: sha512-AyEMTUCf0xY+hHF+IxqXFQIX0yQOIR8ykpY0lJNOw9xYqOzUX8dyZfRvlG0RfXwuQn2eonf/8NrMmDSZJjdqsA==}
    engines: {node: ^20.19.0 || >=22.12.0}
    cpu: [riscv64]
    os: [linux]
    libc: [musl]

  '@oxlint/binding-linux-s390x-gnu@1.77.0':
    resolution: {integrity: sha512-sPLzEcNvxd/oyVQ5oZo92CiHkFkpBeRop13E/P3TPY+hZfXHKCOWKI70TE2RYwMKFJDc20EMjH16L7NZICtKTw==}
    engines: {node: ^20.19.0 || >=22.12.0}
    cpu: [s390x]
    os: [linux]
    libc: [glibc]

  '@oxlint/binding-linux-x64-gnu@1.77.0':
    resolution: {integrity: sha512-1Oh2ssH2L7lwyvkdSqaMUfsGfwU2Wfvew+obBUYjRVqhpBcUpwnsPSEr1IzVi9XqkuY10geiLsNKecqaZC34Dw==}
    engines: {node: ^20.19.0 || >=22.12.0}
    cpu: [x64]
    os: [linux]
    libc: [glibc]

  '@oxlint/binding-linux-x64-musl@1.77.0':
    resolution: {integrity: sha512-0j/2wRgNGO+Qj/M1uu/p57h/hFTTWWcfie0ufkbabeus2s5+/QqkCflnMOwLLN5m2GsNeWp4xdl4cPa4n7QCOQ==}
    engines: {node: ^20.19.0 || >=22.12.0}
    cpu: [x64]
    os: [linux]
    libc: [musl]

  '@oxlint/binding-openharmony-arm64@1.77.0':
    resolution: {integrity: sha512-BJ/j54qS0usEnyDkLYURMj2iiD9h5Cyy+ppzeMSXBGRXaGRNWnj1Mw14NqWMR5E/PzdgB30OOCCzLzbRoduafw==}
    engines: {node: ^20.19.0 || >=22.12.0}
    cpu: [arm64]
    os: [openharmony]

  '@oxlint/binding-win32-arm64-msvc@1.77.0':
    resolution: {integrity: sha512-Yh8w+g2Lpx7StrvtYkoz9JJvXjB9wxgFChFNb85nrXm/wj/XTwGWS1hve9+900HL7llrntYB3YP+y32E3tRqzA==}
    engines: {node: ^20.19.0 || >=22.12.0}
    cpu: [arm64]
    os: [win32]

  '@oxlint/binding-win32-ia32-msvc@1.77.0':
    resolution: {integrity: sha512-zja5b7+6a7UsRFgAQSrnax5vrzliEyNPLCjfXONu/vTWswaIVZGFajJZptaeRvPE4LghtFdAzVFlexTm7MVTGA==}
    engines: {node: ^20.19.0 || >=22.12.0}
    cpu: [ia32]
    os: [win32]

  '@oxlint/binding-win32-x64-msvc@1.77.0':
    resolution: {integrity: sha512-+teyvPDZ2RjUvo+SuCqS/UhaJl1QtdW5fWT5NJTV61V5MIuIS90Db9LixmtEGvXixyttiK62P96MSu3UlpviBw==}
    engines: {node: ^20.19.0 || >=22.12.0}
    cpu: [x64]
    os: [win32]

  '@types/node@25.6.2':
    resolution: {integrity: sha512-sokuT28dxf9JT5Kady1fsXOvI4HVpjZa95NKT5y9PNTIrs2AsobR4GFAA90ZG8M+nxVRLysCXsVj6eGC7Vbrlw==}

  oxfmt@0.48.0:
    resolution: {integrity: sha512-AVaLh+7XeGx+R1zfFV+f6VV61nT2MWVJXVUDhbTm5LBWGyNt64xAyh3NYYyjeY2WykNt9AvqSQLPHcbWquYF9g==}
    engines: {node: ^20.19.0 || >=22.12.0}
    hasBin: true

  oxlint@1.77.0:
    resolution: {integrity: sha512-qnGh8XJHaQ0dprrDXNQZgS0FgjI6v+V3+X8DwmaV++5Aamy6jGKfDdQ1TUvhUxtmKFAbEf4/WeO5QZX+5WSngg==}
    engines: {node: ^20.19.0 || >=22.12.0}
    hasBin: true
    peerDependencies:
      oxlint-tsgolint: '>=7.0.2001'
      vite-plus: '*'
    peerDependenciesMeta:
      oxlint-tsgolint:
        optional: true
      vite-plus:
        optional: true

  tinypool@2.1.0:
    resolution: {integrity: sha512-Pugqs6M0m7Lv1I7FtxN4aoyToKg1C4tu+/381vH35y8oENM/Ai7f7C4StcoK4/+BSw9ebcS8jRiVrORFKCALLw==}
    engines: {node: ^20.0.0 || >=22.0.0}

  typescript@6.0.3:
    resolution: {integrity: sha512-y2TvuxSZPDyQakkFRPZHKFm+KKVqIisdg9/CZwm9ftvKXLP8NRWj38/ODjNbr43SsoXqNuAisEf1GdCxqWcdBw==}
    engines: {node: '>=14.17'}
    hasBin: true

  undici-types@7.19.2:
    resolution: {integrity: sha512-qYVnV5OEm2AW8cJMCpdV20CDyaN3g0AjDlOGf1OW4iaDEx8MwdtChUp4zu4H0VP3nDRF/8RKWH+IPp9uW0YGZg==}

snapshots:

  '@oxfmt/binding-android-arm-eabi@0.48.0':
    optional: true

  '@oxfmt/binding-android-arm64@0.48.0':
    optional: true

  '@oxfmt/binding-darwin-arm64@0.48.0':
    optional: true

  '@oxfmt/binding-darwin-x64@0.48.0':
    optional: true

  '@oxfmt/binding-freebsd-x64@0.48.0':
    optional: true

  '@oxfmt/binding-linux-arm-gnueabihf@0.48.0':
    optional: true

  '@oxfmt/binding-linux-arm-musleabihf@0.48.0':
    optional: true

  '@oxfmt/binding-linux-arm64-gnu@0.48.0':
    optional: true

  '@oxfmt/binding-linux-arm64-musl@0.48.0':
    optional: true

  '@oxfmt/binding-linux-ppc64-gnu@0.48.0':
    optional: true

  '@oxfmt/binding-linux-riscv64-gnu@0.48.0':
    optional: true

  '@oxfmt/binding-linux-riscv64-musl@0.48.0':
    optional: true

  '@oxfmt/binding-linux-s390x-gnu@0.48.0':
    optional: true

  '@oxfmt/binding-linux-x64-gnu@0.48.0':
    optional: true

  '@oxfmt/binding-linux-x64-musl@0.48.0':
    optional: true

  '@oxfmt/binding-openharmony-arm64@0.48.0':
    optional: true

  '@oxfmt/binding-win32-arm64-msvc@0.48.0':
    optional: true

  '@oxfmt/binding-win32-ia32-msvc@0.48.0':
    optional: true

  '@oxfmt/binding-win32-x64-msvc@0.48.0':
    optional: true

  '@oxlint/binding-android-arm-eabi@1.77.0':
    optional: true

  '@oxlint/binding-android-arm64@1.77.0':
    optional: true

  '@oxlint/binding-darwin-arm64@1.77.0':
    optional: true

  '@oxlint/binding-darwin-x64@1.77.0':
    optional: true

  '@oxlint/binding-freebsd-x64@1.77.0':
    optional: true

  '@oxlint/binding-linux-arm-gnueabihf@1.77.0':
    optional: true

  '@oxlint/binding-linux-arm-musleabihf@1.77.0':
    optional: true

  '@oxlint/binding-linux-arm64-gnu@1.77.0':
    optional: true

  '@oxlint/binding-linux-arm64-musl@1.77.0':
    optional: true

  '@oxlint/binding-linux-ppc64-gnu@1.77.0':
    optional: true

  '@oxlint/binding-linux-riscv64-gnu@1.77.0':
    optional: true

  '@oxlint/binding-linux-riscv64-musl@1.77.0':
    optional: true

  '@oxlint/binding-linux-s390x-gnu@1.77.0':
    optional: true

  '@oxlint/binding-linux-x64-gnu@1.77.0':
    optional: true

  '@oxlint/binding-linux-x64-musl@1.77.0':
    optional: true

  '@oxlint/binding-openharmony-arm64@1.77.0':
    optional: true

  '@oxlint/binding-win32-arm64-msvc@1.77.0':
    optional: true

  '@oxlint/binding-win32-ia32-msvc@1.77.0':
    optional: true

  '@oxlint/binding-win32-x64-msvc@1.77.0':
    optional: true

  '@types/node@25.6.2':
    dependencies:
      undici-types: 7.19.2

  oxfmt@0.48.0:
    dependencies:
      tinypool: 2.1.0
    optionalDependencies:
      '@oxfmt/binding-android-arm-eabi': 0.48.0
      '@oxfmt/binding-android-arm64': 0.48.0
      '@oxfmt/binding-darwin-arm64': 0.48.0
      '@oxfmt/binding-darwin-x64': 0.48.0
      '@oxfmt/binding-freebsd-x64': 0.48.0
      '@oxfmt/binding-linux-arm-gnueabihf': 0.48.0
      '@oxfmt/binding-linux-arm-musleabihf': 0.48.0
      '@oxfmt/binding-linux-arm64-gnu': 0.48.0
      '@oxfmt/binding-linux-arm64-musl': 0.48.0
      '@oxfmt/binding-linux-ppc64-gnu': 0.48.0
      '@oxfmt/binding-linux-riscv64-gnu': 0.48.0
      '@oxfmt/binding-linux-riscv64-musl': 0.48.0
      '@oxfmt/binding-linux-s390x-gnu': 0.48.0
      '@oxfmt/binding-linux-x64-gnu': 0.48.0
      '@oxfmt/binding-linux-x64-musl': 0.48.0
      '@oxfmt/binding-openharmony-arm64': 0.48.0
      '@oxfmt/binding-win32-arm64-msvc': 0.48.0
      '@oxfmt/binding-win32-ia32-msvc': 0.48.0
      '@oxfmt/binding-win32-x64-msvc': 0.48.0

  oxlint@1.77.0:
    optionalDependencies:
      '@oxlint/binding-android-arm-eabi': 1.77.0
      '@oxlint/binding-android-arm64': 1.77.0
      '@oxlint/binding-darwin-arm64': 1.77.0
      '@oxlint/binding-darwin-x64': 1.77.0
      '@oxlint/binding-freebsd-x64': 1.77.0
      '@oxlint/binding-linux-arm-gnueabihf': 1.77.0
      '@oxlint/binding-linux-arm-musleabihf': 1.77.0
      '@oxlint/binding-linux-arm64-gnu': 1.77.0
      '@oxlint/binding-linux-arm64-musl': 1.77.0
      '@oxlint/binding-linux-ppc64-gnu': 1.77.0
      '@oxlint/binding-linux-riscv64-gnu': 1.77.0
      '@oxlint/binding-linux-riscv64-musl': 1.77.0
      '@oxlint/binding-linux-s390x-gnu': 1.77.0
      '@oxlint/binding-linux-x64-gnu': 1.77.0
      '@oxlint/binding-linux-x64-musl': 1.77.0
      '@oxlint/binding-openharmony-arm64': 1.77.0
      '@oxlint/binding-win32-arm64-msvc': 1.77.0
      '@oxlint/binding-win32-ia32-msvc': 1.77.0
      '@oxlint/binding-win32-x64-msvc': 1.77.0

  tinypool@2.1.0: {}

  typescript@6.0.3: {}

  undici-types@7.19.2: {}
